
Microsoft Visual Studio Solution File, Format Version 12.00
# Visual Studio Version 17
VisualStudioVersion = 17.3.32922.545
MinimumVisualStudioVersion = 10.0.40219.1
Project("{FAE04EC0-301F-11D3-BF4B-00C04F79EFBC}") = "CRUDWITHEF", "CRUDWITHEF.csproj", "{165F75E8-EE92-411F-9033-A00559FA5300}"
EndProject
Global
	GlobalSection(SolutionConfigurationPlatforms) = preSolution
		Debug|Any CPU = Debug|Any CPU
		Release|Any CPU = Release|Any CPU
	EndGlobalSection
	GlobalSection(ProjectConfigurationPlatforms) = postSolution
		{165F75E8-EE92-411F-9033-A00559FA5300}.Debug|Any CPU.ActiveCfg = Debug|Any CPU
		{165F75E8-EE92-411F-9033-A00559FA5300}.Debug|Any CPU.Build.0 = Debug|Any CPU
		{165F75E8-EE92-411F-9033-A00559FA5300}.Release|Any CPU.ActiveCfg = Release|Any CPU
		{165F75E8-EE92-411F-9033-A00559FA5300}.Release|Any CPU.Build.0 = Release|Any CPU
	EndGlobalSection
	GlobalSection(SolutionProperties) = preSolution
		HideSolutionNode = FALSE
	EndGlobalSection
	GlobalSection(ExtensibilityGlobals) = postSolution
		SolutionGuid = {0089E3A9-FC22-489F-A6D5-FACD957EE08A}
	EndGlobalSection
EndGlobal
